
Microsoft Visual Studio Solution File, Format Version 12.00
# Visual Studio Version 17
VisualStudioVersion = 17.0.31903.59
MinimumVisualStudioVersion = 10.0.40219.1
Project("{2150E333-8FDC-42A3-9474-1A3956D46DE8}") = "src", "src", "{A3A5FFBE-9429-4DAF-BB56-81DFB6EDC74D}"
EndProject
Project("{FAE04EC0-301F-11D3-BF4B-00C04F79EFBC}") = "WTDeck.Core", "src\WTDeck.Core\WTDeck.Core.csproj", "{43B6D1EF-8FBE-4F55-AE78-E7ECD633B371}"
EndProject
Project("{FAE04EC0-301F-11D3-BF4B-00C04F79EFBC}") = "WTDeck.Telemetry", "src\WTDeck.Telemetry\WTDeck.Telemetry.csproj", "{4840243C-5C7C-4332-96A5-D5FE5993E110}"
EndProject
Project("{FAE04EC0-301F-11D3-BF4B-00C04F79EFBC}") = "WTDeck.Input.Windows", "src\WTDeck.Input.Windows\WTDeck.Input.Windows.csproj", "{00259285-476C-4ABF-BEAB-33356676C210}"
EndProject
Project("{FAE04EC0-301F-11D3-BF4B-00C04F79EFBC}") = "WTDeck.Ipc", "src\WTDeck.Ipc\WTDeck.Ipc.csproj", "{4B6738A4-7CC6-4C01-874A-8570117C247B}"
EndProject
Project("{FAE04EC0-301F-11D3-BF4B-00C04F79EFBC}") = "WTDeck.App", "src\WTDeck.App\WTDeck.App.csproj", "{01585BEC-2C52-4E68-B93F-4EE9C9021841}"
EndProject
Project("{2150E333-8FDC-42A3-9474-1A3956D46DE8}") = "tests", "tests", "{4054E76C-6D96-4075-AEE6-F9E720DAACE6}"
EndProject
Project("{FAE04EC0-301F-11D3-BF4B-00C04F79EFBC}") = "WTDeck.Core.Tests", "tests\WTDeck.Core.Tests\WTDeck.Core.Tests.csproj", "{4F127164-3C8C-49F6-BBC1-6652213BD169}"
EndProject
Project("{FAE04EC0-301F-11D3-BF4B-00C04F79EFBC}") = "WTDeck.Telemetry.Tests", "tests\WTDeck.Telemetry.Tests\WTDeck.Telemetry.Tests.csproj", "{B00A6B21-2202-43AA-AC1D-6092918E33C9}"
EndProject
Project("{FAE04EC0-301F-11D3-BF4B-00C04F79EFBC}") = "WTDeck.Ipc.Tests", "tests\WTDeck.Ipc.Tests\WTDeck.Ipc.Tests.csproj", "{5188938A-DBD2-4654-B90A-B422A6B861E9}"
EndProject
Project("{FAE04EC0-301F-11D3-BF4B-00C04F79EFBC}") = "WTDeck.App.IntegrationTests", "tests\WTDeck.App.IntegrationTests\WTDeck.App.IntegrationTests.csproj", "{EA812BFA-9336-4FF7-B0A2-751A566E7024}"
EndProject
Project("{FAE04EC0-301F-11D3-BF4B-00C04F79EFBC}") = "WTDeck.StreamDock", "src\WTDeck.StreamDock\WTDeck.StreamDock.csproj", "{6A295B13-8294-4214-826D-55F54E07F789}"
EndProject
Project("{FAE04EC0-301F-11D3-BF4B-00C04F79EFBC}") = "WTDeck.StreamDock.Tests", "tests\WTDeck.StreamDock.Tests\WTDeck.StreamDock.Tests.csproj", "{5B3BC44B-30D4-453F-B4EE-59F7DB54E07F}"
EndProject
Project("{FAE04EC0-301F-11D3-BF4B-00C04F79EFBC}") = "WTDeck.NativeGear.Plugin", "src\WTDeck.NativeGear.Plugin\WTDeck.NativeGear.Plugin.csproj", "{4C837C57-4458-41CB-9C8E-54724A839751}"
EndProject
Global
	GlobalSection(SolutionConfigurationPlatforms) = preSolution
		Debug|Any CPU = Debug|Any CPU
		Release|Any CPU = Release|Any CPU
	EndGlobalSection
	GlobalSection(SolutionProperties) = preSolution
		HideSolutionNode = FALSE
	EndGlobalSection
	GlobalSection(ProjectConfigurationPlatforms) = postSolution
		{43B6D1EF-8FBE-4F55-AE78-E7ECD633B371}.Debug|Any CPU.ActiveCfg = Debug|Any CPU
		{43B6D1EF-8FBE-4F55-AE78-E7ECD633B371}.Debug|Any CPU.Build.0 = Debug|Any CPU
		{43B6D1EF-8FBE-4F55-AE78-E7ECD633B371}.Release|Any CPU.ActiveCfg = Release|Any CPU
		{43B6D1EF-8FBE-4F55-AE78-E7ECD633B371}.Release|Any CPU.Build.0 = Release|Any CPU
		{4840243C-5C7C-4332-96A5-D5FE5993E110}.Debug|Any CPU.ActiveCfg = Debug|Any CPU
		{4840243C-5C7C-4332-96A5-D5FE5993E110}.Debug|Any CPU.Build.0 = Debug|Any CPU
		{4840243C-5C7C-4332-96A5-D5FE5993E110}.Release|Any CPU.ActiveCfg = Release|Any CPU
		{4840243C-5C7C-4332-96A5-D5FE5993E110}.Release|Any CPU.Build.0 = Release|Any CPU
		{00259285-476C-4ABF-BEAB-33356676C210}.Debug|Any CPU.ActiveCfg = Debug|Any CPU
		{00259285-476C-4ABF-BEAB-33356676C210}.Debug|Any CPU.Build.0 = Debug|Any CPU
		{00259285-476C-4ABF-BEAB-33356676C210}.Release|Any CPU.ActiveCfg = Release|Any CPU
		{00259285-476C-4ABF-BEAB-33356676C210}.Release|Any CPU.Build.0 = Release|Any CPU
		{4B6738A4-7CC6-4C01-874A-8570117C247B}.Debug|Any CPU.ActiveCfg = Debug|Any CPU
		{4B6738A4-7CC6-4C01-874A-8570117C247B}.Debug|Any CPU.Build.0 = Debug|Any CPU
		{4B6738A4-7CC6-4C01-874A-8570117C247B}.Release|Any CPU.ActiveCfg = Release|Any CPU
		{4B6738A4-7CC6-4C01-874A-8570117C247B}.Release|Any CPU.Build.0 = Release|Any CPU
		{01585BEC-2C52-4E68-B93F-4EE9C9021841}.Debug|Any CPU.ActiveCfg = Debug|Any CPU
		{01585BEC-2C52-4E68-B93F-4EE9C9021841}.Debug|Any CPU.Build.0 = Debug|Any CPU
		{01585BEC-2C52-4E68-B93F-4EE9C9021841}.Release|Any CPU.ActiveCfg = Release|Any CPU
		{01585BEC-2C52-4E68-B93F-4EE9C9021841}.Release|Any CPU.Build.0 = Release|Any CPU
		{4F127164-3C8C-49F6-BBC1-6652213BD169}.Debug|Any CPU.ActiveCfg = Debug|Any CPU
		{4F127164-3C8C-49F6-BBC1-6652213BD169}.Debug|Any CPU.Build.0 = Debug|Any CPU
		{4F127164-3C8C-49F6-BBC1-6652213BD169}.Release|Any CPU.ActiveCfg = Release|Any CPU
		{4F127164-3C8C-49F6-BBC1-6652213BD169}.Release|Any CPU.Build.0 = Release|Any CPU
		{B00A6B21-2202-43AA-AC1D-6092918E33C9}.Debug|Any CPU.ActiveCfg = Debug|Any CPU
		{B00A6B21-2202-43AA-AC1D-6092918E33C9}.Debug|Any CPU.Build.0 = Debug|Any CPU
		{B00A6B21-2202-43AA-AC1D-6092918E33C9}.Release|Any CPU.ActiveCfg = Release|Any CPU
		{B00A6B21-2202-43AA-AC1D-6092918E33C9}.Release|Any CPU.Build.0 = Release|Any CPU
		{5188938A-DBD2-4654-B90A-B422A6B861E9}.Debug|Any CPU.ActiveCfg = Debug|Any CPU
		{5188938A-DBD2-4654-B90A-B422A6B861E9}.Debug|Any CPU.Build.0 = Debug|Any CPU
		{5188938A-DBD2-4654-B90A-B422A6B861E9}.Release|Any CPU.ActiveCfg = Release|Any CPU
		{5188938A-DBD2-4654-B90A-B422A6B861E9}.Release|Any CPU.Build.0 = Release|Any CPU
		{EA812BFA-9336-4FF7-B0A2-751A566E7024}.Debug|Any CPU.ActiveCfg = Debug|Any CPU
		{EA812BFA-9336-4FF7-B0A2-751A566E7024}.Debug|Any CPU.Build.0 = Debug|Any CPU
		{EA812BFA-9336-4FF7-B0A2-751A566E7024}.Release|Any CPU.ActiveCfg = Release|Any CPU
		{EA812BFA-9336-4FF7-B0A2-751A566E7024}.Release|Any CPU.Build.0 = Release|Any CPU
		{6A295B13-8294-4214-826D-55F54E07F789}.Debug|Any CPU.ActiveCfg = Debug|Any CPU
		{6A295B13-8294-4214-826D-55F54E07F789}.Debug|Any CPU.Build.0 = Debug|Any CPU
		{6A295B13-8294-4214-826D-55F54E07F789}.Release|Any CPU.ActiveCfg = Release|Any CPU
		{6A295B13-8294-4214-826D-55F54E07F789}.Release|Any CPU.Build.0 = Release|Any CPU
		{5B3BC44B-30D4-453F-B4EE-59F7DB54E07F}.Debug|Any CPU.ActiveCfg = Debug|Any CPU
		{5B3BC44B-30D4-453F-B4EE-59F7DB54E07F}.Debug|Any CPU.Build.0 = Debug|Any CPU
		{5B3BC44B-30D4-453F-B4EE-59F7DB54E07F}.Release|Any CPU.ActiveCfg = Release|Any CPU
		{5B3BC44B-30D4-453F-B4EE-59F7DB54E07F}.Release|Any CPU.Build.0 = Release|Any CPU
		{4C837C57-4458-41CB-9C8E-54724A839751}.Debug|Any CPU.ActiveCfg = Debug|Any CPU
		{4C837C57-4458-41CB-9C8E-54724A839751}.Debug|Any CPU.Build.0 = Debug|Any CPU
		{4C837C57-4458-41CB-9C8E-54724A839751}.Release|Any CPU.ActiveCfg = Release|Any CPU
		{4C837C57-4458-41CB-9C8E-54724A839751}.Release|Any CPU.Build.0 = Release|Any CPU
	EndGlobalSection
	GlobalSection(NestedProjects) = preSolution
		{43B6D1EF-8FBE-4F55-AE78-E7ECD633B371} = {A3A5FFBE-9429-4DAF-BB56-81DFB6EDC74D}
		{4840243C-5C7C-4332-96A5-D5FE5993E110} = {A3A5FFBE-9429-4DAF-BB56-81DFB6EDC74D}
		{00259285-476C-4ABF-BEAB-33356676C210} = {A3A5FFBE-9429-4DAF-BB56-81DFB6EDC74D}
		{4B6738A4-7CC6-4C01-874A-8570117C247B} = {A3A5FFBE-9429-4DAF-BB56-81DFB6EDC74D}
		{01585BEC-2C52-4E68-B93F-4EE9C9021841} = {A3A5FFBE-9429-4DAF-BB56-81DFB6EDC74D}
		{4F127164-3C8C-49F6-BBC1-6652213BD169} = {4054E76C-6D96-4075-AEE6-F9E720DAACE6}
		{B00A6B21-2202-43AA-AC1D-6092918E33C9} = {4054E76C-6D96-4075-AEE6-F9E720DAACE6}
		{5188938A-DBD2-4654-B90A-B422A6B861E9} = {4054E76C-6D96-4075-AEE6-F9E720DAACE6}
		{EA812BFA-9336-4FF7-B0A2-751A566E7024} = {4054E76C-6D96-4075-AEE6-F9E720DAACE6}
		{6A295B13-8294-4214-826D-55F54E07F789} = {A3A5FFBE-9429-4DAF-BB56-81DFB6EDC74D}
		{5B3BC44B-30D4-453F-B4EE-59F7DB54E07F} = {4054E76C-6D96-4075-AEE6-F9E720DAACE6}
		{4C837C57-4458-41CB-9C8E-54724A839751} = {A3A5FFBE-9429-4DAF-BB56-81DFB6EDC74D}
	EndGlobalSection
EndGlobal
